
Microsoft Visual Studio Solution File, Format Version 12.00
# Visual Studio Version 16
VisualStudioVersion = 16.0.29215.179
MinimumVisualStudioVersion = 10.0.40219.1
Project("{FAE04EC0-301F-11D3-BF4B-00C04F79EFBC}") = "MatrixNames", "MatrixNames\MatrixNames.csproj", "{447A47FC-5078-496E-A841-77C7C67EBDDD}"
EndProject
Global
	GlobalSection(SolutionConfigurationPlatforms) = preSolution
		Debug|Any CPU = Debug|Any CPU
		Release|Any CPU = Release|Any CPU
	EndGlobalSection
	GlobalSection(ProjectConfigurationPlatforms) = postSolution
		{447A47FC-5078-496E-A841-77C7C67EBDDD}.Debug|Any CPU.ActiveCfg = Debug|Any CPU
		{447A47FC-5078-496E-A841-77C7C67EBDDD}.Debug|Any CPU.Build.0 = Debug|Any CPU
		{447A47FC-5078-496E-A841-77C7C67EBDDD}.Release|Any CPU.ActiveCfg = Release|Any CPU
		{447A47FC-5078-496E-A841-77C7C67EBDDD}.Release|Any CPU.Build.0 = Release|Any CPU
	EndGlobalSection
	GlobalSection(SolutionProperties) = preSolution
		HideSolutionNode = FALSE
	EndGlobalSection
	GlobalSection(ExtensibilityGlobals) = postSolution
		SolutionGuid = {BA9B6607-DB28-41D2-BFB6-0CD0CB78B552}
	EndGlobalSection
EndGlobal
